
Microsoft Visual Studio Solution File, Format Version 12.00
Project("{FAE04EC0-301F-11D3-BF4B-00C04F79EFBC}") = "LearningUnitTesting", "LearningUnitTesting\LearningUnitTesting.csproj", "{FD8F5E2B-4F1C-4994-8F66-2227E3DB520D}"
EndProject
Project("{FAE04EC0-301F-11D3-BF4B-00C04F79EFBC}") = "LearningUnitTesting.UnitTests", "LearningUnitTesting.UnitTests\LearningUnitTesting.UnitTests.csproj", "{61BF053E-AB61-454C-8FC6-50C4B61D82D6}"
EndProject
Global
	GlobalSection(SolutionConfigurationPlatforms) = preSolution
		Debug|Any CPU = Debug|Any CPU
		Release|Any CPU = Release|Any CPU
	EndGlobalSection
	GlobalSection(ProjectConfigurationPlatforms) = postSolution
		{FD8F5E2B-4F1C-4994-8F66-2227E3DB520D}.Debug|Any CPU.ActiveCfg = Debug|Any CPU
		{FD8F5E2B-4F1C-4994-8F66-2227E3DB520D}.Debug|Any CPU.Build.0 = Debug|Any CPU
		{FD8F5E2B-4F1C-4994-8F66-2227E3DB520D}.Release|Any CPU.ActiveCfg = Release|Any CPU
		{FD8F5E2B-4F1C-4994-8F66-2227E3DB520D}.Release|Any CPU.Build.0 = Release|Any CPU
		{61BF053E-AB61-454C-8FC6-50C4B61D82D6}.Debug|Any CPU.ActiveCfg = Debug|Any CPU
		{61BF053E-AB61-454C-8FC6-50C4B61D82D6}.Debug|Any CPU.Build.0 = Debug|Any CPU
		{61BF053E-AB61-454C-8FC6-50C4B61D82D6}.Release|Any CPU.ActiveCfg = Release|Any CPU
		{61BF053E-AB61-454C-8FC6-50C4B61D82D6}.Release|Any CPU.Build.0 = Release|Any CPU
	EndGlobalSection
EndGlobal
